dependencies:
- name: victoria-metrics-single
  repository: https://victoriametrics.github.io/helm-charts/
  version: 0.11.1
- name: grafana
  repository: https://grafana.github.io/helm-charts
  version: 8.5.1
digest: sha256:948967cb25ff73357f158b556b657fa3fc7589cdf9cd878faeca788a22a0c158
generated: "2024-09-17T23:47:12.6242392+03:00"
